
Microsoft Visual Studio Solution File, Format Version 12.00
# Visual Studio 15
Project("{FAE04EC0-301F-11D3-BF4B-00C04F79EFBC}") = "Assembly-CSharp", "Assembly-CSharp.csproj", "{F054EF1B-FB21-0E9C-9391-D6A260276ECE}"
EndProject
Global
	GlobalSection(SolutionConfigurationPlatforms) = preSolution
		Debug|Any CPU = Debug|Any CPU
		Release|Any CPU = Release|Any CPU
	EndGlobalSection
	GlobalSection(ProjectConfigurationPlatforms) = postSolution
		{F054EF1B-FB21-0E9C-9391-D6A260276ECE}.Debug|Any CPU.ActiveCfg = Debug|Any CPU
		{F054EF1B-FB21-0E9C-9391-D6A260276ECE}.Debug|Any CPU.Build.0 = Debug|Any CPU
		{F054EF1B-FB21-0E9C-9391-D6A260276ECE}.Release|Any CPU.ActiveCfg = Release|Any CPU
		{F054EF1B-FB21-0E9C-9391-D6A260276ECE}.Release|Any CPU.Build.0 = Release|Any CPU
	EndGlobalSection
	GlobalSection(SolutionProperties) = preSolution
		HideSolutionNode = FALSE
	EndGlobalSection
EndGlobal
